
Microsoft Visual Studio Solution File, Format Version 12.00
# Visual Studio Version 17
VisualStudioVersion = 17.14.36401.2 d17.14
MinimumVisualStudioVersion = 10.0.40219.1
Project("{8BC9CEB8-8B4A-11D0-8D11-00A0C91BC942}") = "基于多态的职工管理系统", "基于多态的职工管理系统.vcxproj", "{E2F54284-8814-4CD7-8D3D-3A3767734B69}"
EndProject
Global
	GlobalSection(SolutionConfigurationPlatforms) = preSolution
		Debug|x64 = Debug|x64
		Debug|x86 = Debug|x86
		Release|x64 = Release|x64
		Release|x86 = Release|x86
	EndGlobalSection
	GlobalSection(ProjectConfigurationPlatforms) = postSolution
		{E2F54284-8814-4CD7-8D3D-3A3767734B69}.Debug|x64.ActiveCfg = Debug|x64
		{E2F54284-8814-4CD7-8D3D-3A3767734B69}.Debug|x64.Build.0 = Debug|x64
		{E2F54284-8814-4CD7-8D3D-3A3767734B69}.Debug|x86.ActiveCfg = Debug|Win32
		{E2F54284-8814-4CD7-8D3D-3A3767734B69}.Debug|x86.Build.0 = Debug|Win32
		{E2F54284-8814-4CD7-8D3D-3A3767734B69}.Release|x64.ActiveCfg = Release|x64
		{E2F54284-8814-4CD7-8D3D-3A3767734B69}.Release|x64.Build.0 = Release|x64
		{E2F54284-8814-4CD7-8D3D-3A3767734B69}.Release|x86.ActiveCfg = Release|Win32
		{E2F54284-8814-4CD7-8D3D-3A3767734B69}.Release|x86.Build.0 = Release|Win32
	EndGlobalSection
	GlobalSection(SolutionProperties) = preSolution
		HideSolutionNode = FALSE
	EndGlobalSection
	GlobalSection(ExtensibilityGlobals) = postSolution
		SolutionGuid = {C78B0346-98D7-482E-8654-B4CBD8823B1A}
	EndGlobalSection
EndGlobal
